
Microsoft Visual Studio Solution File, Format Version 12.00
# Visual Studio Version 17
VisualStudioVersion = 17.11.35312.102
MinimumVisualStudioVersion = 10.0.40219.1
Project("{9A19103F-16F7-4668-BE54-9A1E7A4F7556}") = "Candy", "Candy\Candy.csproj", "{457006EA-B1A5-4449-A53B-2FD29E3911BA}"
EndProject
Project("{9A19103F-16F7-4668-BE54-9A1E7A4F7556}") = "SubstringWithConcatenationOfAllWords", "SubstringWithConcatenationOfAllWords\SubstringWithConcatenationOfAllWords.csproj", "{62AC9116-4637-413F-9F07-B4E4D481904F}"
EndProject
Project("{9A19103F-16F7-4668-BE54-9A1E7A4F7556}") = "BasicCalculator", "BasicCalculator\BasicCalculator.csproj", "{909BB956-AFAD-462C-91EB-B63422FDC27E}"
EndProject
Project("{9A19103F-16F7-4668-BE54-9A1E7A4F7556}") = "IPO", "IPO\IPO.csproj", "{6C77D8AB-C98D-45EF-9853-79E706CAA814}"
EndProject
Project("{9A19103F-16F7-4668-BE54-9A1E7A4F7556}") = "BinaryTreeMaximumPathSum", "BinaryTreeMaximumPathSum\BinaryTreeMaximumPathSum.csproj", "{64EE9F08-4950-4CB8-A491-477AC26EECF6}"
EndProject
Project("{9A19103F-16F7-4668-BE54-9A1E7A4F7556}") = "WordLadder", "WordLadder\WordLadder.csproj", "{51F7CD9B-82F8-421B-9F5E-7A3AA746B476}"
EndProject
Project("{9A19103F-16F7-4668-BE54-9A1E7A4F7556}") = "WordSearch_II", "WordSearch_II\WordSearch_II.csproj", "{5B41213B-6995-4660-A6E7-35DE8113271D}"
EndProject
Project("{FAE04EC0-301F-11D3-BF4B-00C04F79EFBC}") = "ShortestPalindrome", "ShortestPalindrome\ShortestPalindrome.csproj", "{81E124B5-1079-4E64-A018-365E6D9687A5}"
EndProject
Global
	GlobalSection(SolutionConfigurationPlatforms) = preSolution
		Debug|Any CPU = Debug|Any CPU
		Release|Any CPU = Release|Any CPU
	EndGlobalSection
	GlobalSection(ProjectConfigurationPlatforms) = postSolution
		{457006EA-B1A5-4449-A53B-2FD29E3911BA}.Debug|Any CPU.ActiveCfg = Debug|Any CPU
		{457006EA-B1A5-4449-A53B-2FD29E3911BA}.Debug|Any CPU.Build.0 = Debug|Any CPU
		{457006EA-B1A5-4449-A53B-2FD29E3911BA}.Release|Any CPU.ActiveCfg = Release|Any CPU
		{457006EA-B1A5-4449-A53B-2FD29E3911BA}.Release|Any CPU.Build.0 = Release|Any CPU
		{62AC9116-4637-413F-9F07-B4E4D481904F}.Debug|Any CPU.ActiveCfg = Debug|Any CPU
		{62AC9116-4637-413F-9F07-B4E4D481904F}.Debug|Any CPU.Build.0 = Debug|Any CPU
		{62AC9116-4637-413F-9F07-B4E4D481904F}.Release|Any CPU.ActiveCfg = Release|Any CPU
		{62AC9116-4637-413F-9F07-B4E4D481904F}.Release|Any CPU.Build.0 = Release|Any CPU
		{909BB956-AFAD-462C-91EB-B63422FDC27E}.Debug|Any CPU.ActiveCfg = Debug|Any CPU
		{909BB956-AFAD-462C-91EB-B63422FDC27E}.Debug|Any CPU.Build.0 = Debug|Any CPU
		{909BB956-AFAD-462C-91EB-B63422FDC27E}.Release|Any CPU.ActiveCfg = Release|Any CPU
		{909BB956-AFAD-462C-91EB-B63422FDC27E}.Release|Any CPU.Build.0 = Release|Any CPU
		{6C77D8AB-C98D-45EF-9853-79E706CAA814}.Debug|Any CPU.ActiveCfg = Debug|Any CPU
		{6C77D8AB-C98D-45EF-9853-79E706CAA814}.Debug|Any CPU.Build.0 = Debug|Any CPU
		{6C77D8AB-C98D-45EF-9853-79E706CAA814}.Release|Any CPU.ActiveCfg = Release|Any CPU
		{6C77D8AB-C98D-45EF-9853-79E706CAA814}.Release|Any CPU.Build.0 = Release|Any CPU
		{64EE9F08-4950-4CB8-A491-477AC26EECF6}.Debug|Any CPU.ActiveCfg = Debug|Any CPU
		{64EE9F08-4950-4CB8-A491-477AC26EECF6}.Debug|Any CPU.Build.0 = Debug|Any CPU
		{64EE9F08-4950-4CB8-A491-477AC26EECF6}.Release|Any CPU.ActiveCfg = Release|Any CPU
		{64EE9F08-4950-4CB8-A491-477AC26EECF6}.Release|Any CPU.Build.0 = Release|Any CPU
		{51F7CD9B-82F8-421B-9F5E-7A3AA746B476}.Debug|Any CPU.ActiveCfg = Debug|Any CPU
		{51F7CD9B-82F8-421B-9F5E-7A3AA746B476}.Debug|Any CPU.Build.0 = Debug|Any CPU
		{51F7CD9B-82F8-421B-9F5E-7A3AA746B476}.Release|Any CPU.ActiveCfg = Release|Any CPU
		{51F7CD9B-82F8-421B-9F5E-7A3AA746B476}.Release|Any CPU.Build.0 = Release|Any CPU
		{5B41213B-6995-4660-A6E7-35DE8113271D}.Debug|Any CPU.ActiveCfg = Debug|Any CPU
		{5B41213B-6995-4660-A6E7-35DE8113271D}.Debug|Any CPU.Build.0 = Debug|Any CPU
		{5B41213B-6995-4660-A6E7-35DE8113271D}.Release|Any CPU.ActiveCfg = Release|Any CPU
		{5B41213B-6995-4660-A6E7-35DE8113271D}.Release|Any CPU.Build.0 = Release|Any CPU
		{81E124B5-1079-4E64-A018-365E6D9687A5}.Debug|Any CPU.ActiveCfg = Debug|Any CPU
		{81E124B5-1079-4E64-A018-365E6D9687A5}.Debug|Any CPU.Build.0 = Debug|Any CPU
		{81E124B5-1079-4E64-A018-365E6D9687A5}.Release|Any CPU.ActiveCfg = Release|Any CPU
		{81E124B5-1079-4E64-A018-365E6D9687A5}.Release|Any CPU.Build.0 = Release|Any CPU
	EndGlobalSection
	GlobalSection(SolutionProperties) = preSolution
		HideSolutionNode = FALSE
	EndGlobalSection
	GlobalSection(ExtensibilityGlobals) = postSolution
		SolutionGuid = {1D93D5E7-6C48-4B11-A709-E5C9813BD0B6}
	EndGlobalSection
EndGlobal
